PODS:
  - FBSnapshotTestCase (2.1.2):
    - FBSnapshotTestCase/SwiftSupport (= 2.1.2)
  - FBSnapshotTestCase/Core (2.1.2)
  - FBSnapshotTestCase/SwiftSupport (2.1.2):
    - FBSnapshotTestCase/Core
  - FOTokenText (0.1.0)

DEPENDENCIES:
  - FBSnapshotTestCase
  - FOTokenText (from `../`)

EXTERNAL SOURCES:
  FOTokenText:
    :path: "../"

SPEC CHECKSUMS:
  FBSnapshotTestCase: 918c55861356ee83aee7843d759f55a18ff6982b
  FOTokenText: 5ff9dadd86681b45cef26b8df32756e697a59edc

PODFILE CHECKSUM: ff9a9b8a1b9b29f8831860d1c7158113080abd87

COCOAPODS: 1.0.1
